// !$*UTF8*$!
{
	archiveVersion = 1;
	classes = {
	};
	objectVersion = 46;
	objects = {

/* Begin PBXBuildFile section */
		F8BD59BF1D7AEAF40052380A /* AppDelegate.swift in Sources */ = {isa = PBXBuildFile; fileRef = F8BD59BE1D7AEAF40052380A /* AppDelegate.swift */; };
		F8BD59C21D7AEAF40052380A /* AutolayoutPlayers.xcdatamodeld in Sources */ = {isa = PBXBuildFile; fileRef = F8BD59C01D7AEAF40052380A /* AutolayoutPlayers.xcdatamodeld */; };
		F8BD59C41D7AEAF40052380A /* ViewController.swift in Sources */ = {isa = PBXBuildFile; fileRef = F8BD59C31D7AEAF40052380A /* ViewController.swift */; };
		F8BD59C71D7AEAF40052380A /* Main.storyboard in Resources */ = {isa = PBXBuildFile; fileRef = F8BD59C51D7AEAF40052380A /* Main.storyboard */; };
		F8BD59C91D7AEAF40052380A /* Images.xcassets in Resources */ = {isa = PBXBuildFile; fileRef = F8BD59C81D7AEAF40052380A /* Images.xcassets */; };
		F8BD59CC1D7AEAF40052380A /* LaunchScreen.xib in Resources */ = {isa = PBXBuildFile; fileRef = F8BD59CA1D7AEAF40052380A /* LaunchScreen.xib */; };
		F8BD59D81D7AEAF40052380A /* AutolayoutPlayersTests.swift in Sources */ = {isa = PBXBuildFile; fileRef = F8BD59D71D7AEAF40052380A /* AutolayoutPlayersTests.swift */; };
/* End PBXBuildFile section */

/* Begin PBXContainerItemProxy section */
		F8BD59D21D7AEAF40052380A /* PBXContainerItemProxy */ = {
			isa = PBXContainerItemProxy;
			containerPortal = F8BD59B11D7AEAF40052380A /* Project object */;
			proxyType = 1;
			remoteGlobalIDString = F8BD59B81D7AEAF40052380A;
			remoteInfo = AutolayoutPlayers;
		};
/* End PBXContainerItemProxy section */

/* Begin PBXFileReference section */
		F8BD59B91D7AEAF40052380A /* AutolayoutPlayers.app */ = {isa = PBXFileReference; explicitFileType = wrapper.application; includeInIndex = 0; path = AutolayoutPlayers.app; sourceTree = BUILT_PRODUCTS_DIR; };
		F8BD59BD1D7AEAF40052380A /* Info.plist */ = {isa = PBXFileReference; lastKnownFileType = text.plist.xml; path = Info.plist; sourceTree = "<group>"; };
		F8BD59BE1D7AEAF40052380A /* AppDelegate.swift */ = {isa = PBXFileReference; lastKnownFileType = sourcecode.swift; path = AppDelegate.swift; sourceTree = "<group>"; };
		F8BD59C11D7AEAF40052380A /* AutolayoutPlayers.xcdatamodel */ = {isa = PBXFileReference; lastKnownFileType = wrapper.xcdatamodel; path = AutolayoutPlayers.xcdatamodel; sourceTree = "<group>"; };
		F8BD59C31D7AEAF40052380A /* ViewController.swift */ = {isa = PBXFileReference; lastKnownFileType = sourcecode.swift; path = ViewController.swift; sourceTree = "<group>"; };
		F8BD59C61D7AEAF40052380A /* Base */ = {isa = PBXFileReference; lastKnownFileType = file.storyboard; name = Base; path = Base.lproj/Main.storyboard; sourceTree = "<group>"; };
		F8BD59C81D7AEAF40052380A /* Images.xcassets */ = {isa = PBXFileReference; lastKnownFileType = folder.assetcatalog; path = Images.xcassets; sourceTree = "<group>"; };
		F8BD59CB1D7AEAF40052380A /* Base */ = {isa = PBXFileReference; lastKnownFileType = file.xib; name = Base; path = Base.lproj/LaunchScreen.xib; sourceTree = "<group>"; };
		F8BD59D11D7AEAF40052380A /* AutolayoutPlayersTests.xctest */ = {isa = PBXFileReference; explicitFileType = wrapper.cfbundle; includeInIndex = 0; path = AutolayoutPlayersTests.xctest; sourceTree = BUILT_PRODUCTS_DIR; };
		F8BD59D61D7AEAF40052380A /* Info.plist */ = {isa = PBXFileReference; lastKnownFileType = text.plist.xml; path = Info.plist; sourceTree = "<group>"; };
		F8BD59D71D7AEAF40052380A /* AutolayoutPlayersTests.swift */ = {isa = PBXFileReference; lastKnownFileType = sourcecode.swift; path = AutolayoutPlayersTests.swift; sourceTree = "<group>"; };
/* End PBXFileReference section */

/* Begin PBXFrameworksBuildPhase section */
		F8BD59B61D7AEAF40052380A /* Frameworks */ = {
			isa = PBXFrameworksBuildPhase;
			buildActionMask = 2147483647;
			files = (
			);
			runOnlyForDeploymentPostprocessing = 0;
		};
		F8BD59CE1D7AEAF40052380A /* Frameworks */ = {
			isa = PBXFrameworksBuildPhase;
			buildActionMask = 2147483647;
			files = (
			);
			runOnlyForDeploymentPostprocessing = 0;
		};
/* End PBXFrameworksBuildPhase section */

/* Begin PBXGroup section */
		F8BD59B01D7AEAF40052380A = {
			isa = PBXGroup;
			children = (
				F8BD59BB1D7AEAF40052380A /* AutolayoutPlayers */,
				F8BD59D41D7AEAF40052380A /* AutolayoutPlayersTests */,
				F8BD59BA1D7AEAF40052380A /* Products */,
			);
			sourceTree = "<group>";
		};
		F8BD59BA1D7AEAF40052380A /* Products */ = {
			isa = PBXGroup;
			children = (
				F8BD59B91D7AEAF40052380A /* AutolayoutPlayers.app */,
				F8BD59D11D7AEAF40052380A /* AutolayoutPlayersTests.xctest */,
			);
			name = Products;
			sourceTree = "<group>";
		};
		F8BD59BB1D7AEAF40052380A /* AutolayoutPlayers */ = {
			isa = PBXGroup;
			children = (
				F8BD59BE1D7AEAF40052380A /* AppDelegate.swift */,
				F8BD59C31D7AEAF40052380A /* ViewController.swift */,
				F8BD59C51D7AEAF40052380A /* Main.storyboard */,
				F8BD59C81D7AEAF40052380A /* Images.xcassets */,
				F8BD59CA1D7AEAF40052380A /* LaunchScreen.xib */,
				F8BD59C01D7AEAF40052380A /* AutolayoutPlayers.xcdatamodeld */,
				F8BD59BC1D7AEAF40052380A /* Supporting Files */,
			);
			path = AutolayoutPlayers;
			sourceTree = "<group>";
		};
		F8BD59BC1D7AEAF40052380A /* Supporting Files */ = {
			isa = PBXGroup;
			children = (
				F8BD59BD1D7AEAF40052380A /* Info.plist */,
			);
			name = "Supporting Files";
			sourceTree = "<group>";
		};
		F8BD59D41D7AEAF40052380A /* AutolayoutPlayersTests */ = {
			isa = PBXGroup;
			children = (
				F8BD59D71D7AEAF40052380A /* AutolayoutPlayersTests.swift */,
				F8BD59D51D7AEAF40052380A /* Supporting Files */,
			);
			path = AutolayoutPlayersTests;
			sourceTree = "<group>";
		};
		F8BD59D51D7AEAF40052380A /* Supporting Files */ = {
			isa = PBXGroup;
			children = (
				F8BD59D61D7AEAF40052380A /* Info.plist */,
			);
			name = "Supporting Files";
			sourceTree = "<group>";
		};
/* End PBXGroup section */

/* Begin PBXNativeTarget section */
		F8BD59B81D7AEAF40052380A /* AutolayoutPlayers */ = {
			isa = PBXNativeTarget;
			buildConfigurationList = F8BD59DB1D7AEAF40052380A /* Build configuration list for PBXNativeTarget "AutolayoutPlayers" */;
			buildPhases = (
				F8BD59B51D7AEAF40052380A /* Sources */,
				F8BD59B61D7AEAF40052380A /* Frameworks */,
				F8BD59B71D7AEAF40052380A /* Resources */,
			);
			buildRules = (
			);
			dependencies = (
			);
			name = AutolayoutPlayers;
			productName = AutolayoutPlayers;
			productReference = F8BD59B91D7AEAF40052380A /* AutolayoutPlayers.app */;
			productType = "com.apple.product-type.application";
		};
		F8BD59D01D7AEAF40052380A /* AutolayoutPlayersTests */ = {
			isa = PBXNativeTarget;
			buildConfigurationList = F8BD59DE1D7AEAF40052380A /* Build configuration list for PBXNativeTarget "AutolayoutPlayersTests" */;
			buildPhases = (
				F8BD59CD1D7AEAF40052380A /* Sources */,
				F8BD59CE1D7AEAF40052380A /* Frameworks */,
				F8BD59CF1D7AEAF40052380A /* Resources */,
			);
			buildRules = (
			);
			dependencies = (
				F8BD59D31D7AEAF40052380A /* PBXTargetDependency */,
			);
			name = AutolayoutPlayersTests;
			productName = AutolayoutPlayersTests;
			productReference = F8BD59D11D7AEAF40052380A /* AutolayoutPlayersTests.xctest */;
			productType = "com.apple.product-type.bundle.unit-test";
		};
/* End PBXNativeTarget section */

/* Begin PBXProject section */
		F8BD59B11D7AEAF40052380A /* Project object */ = {
			isa = PBXProject;
			attributes = {
				LastUpgradeCheck = 0640;
				ORGANIZATIONNAME = "Saurabh Sikka";
				TargetAttributes = {
					F8BD59B81D7AEAF40052380A = {
						CreatedOnToolsVersion = 6.4;
					};
					F8BD59D01D7AEAF40052380A = {
						CreatedOnToolsVersion = 6.4;
						TestTargetID = F8BD59B81D7AEAF40052380A;
					};
				};
			};
			buildConfigurationList = F8BD59B41D7AEAF40052380A /* Build configuration list for PBXProject "AutolayoutPlayers" */;
			compatibilityVersion = "Xcode 3.2";
			developmentRegion = English;
			hasScannedForEncodings = 0;
			knownRegions = (
				en,
				Base,
			);
			mainGroup = F8BD59B01D7AEAF40052380A;
			productRefGroup = F8BD59BA1D7AEAF40052380A /* Products */;
			projectDirPath = "";
			projectRoot = "";
			targets = (
				F8BD59B81D7AEAF40052380A /* AutolayoutPlayers */,
				F8BD59D01D7AEAF40052380A /* AutolayoutPlayersTests */,
			);
		};
/* End PBXProject section */

/* Begin PBXResourcesBuildPhase section */
		F8BD59B71D7AEAF40052380A /* Resources */ = {
			isa = PBXResourcesBuildPhase;
			buildActionMask = 2147483647;
			files = (
				F8BD59C71D7AEAF40052380A /* Main.storyboard in Resources */,
				F8BD59CC1D7AEAF40052380A /* LaunchScreen.xib in Resources */,
				F8BD59C91D7AEAF40052380A /* Images.xcassets in Resources */,
			);
			runOnlyForDeploymentPostprocessing = 0;
		};
		F8BD59CF1D7AEAF40052380A /* Resources */ = {
			isa = PBXResourcesBuildPhase;
			buildActionMask = 2147483647;
			files = (
			);
			runOnlyForDeploymentPostprocessing = 0;
		};
/* End PBXResourcesBuildPhase section */

/* Begin PBXSourcesBuildPhase section */
		F8BD59B51D7AEAF40052380A /* Sources */ = {
			isa = PBXSourcesBuildPhase;
			buildActionMask = 2147483647;
			files = (
				F8BD59C41D7AEAF40052380A /* ViewController.swift in Sources */,
				F8BD59BF1D7AEAF40052380A /* AppDelegate.swift in Sources */,
				F8BD59C21D7AEAF40052380A /* AutolayoutPlayers.xcdatamodeld in Sources */,
			);
			runOnlyForDeploymentPostprocessing = 0;
		};
		F8BD59CD1D7AEAF40052380A /* Sources */ = {
			isa = PBXSourcesBuildPhase;
			buildActionMask = 2147483647;
			files = (
				F8BD59D81D7AEAF40052380A /* AutolayoutPlayersTests.swift in Sources */,
			);
			runOnlyForDeploymentPostprocessing = 0;
		};
/* End PBXSourcesBuildPhase section */

/* Begin PBXTargetDependency section */
		F8BD59D31D7AEAF40052380A /* PBXTargetDependency */ = {
			isa = PBXTargetDependency;
			target = F8BD59B81D7AEAF40052380A /* AutolayoutPlayers */;
			targetProxy = F8BD59D21D7AEAF40052380A /* PBXContainerItemProxy */;
		};
/* End PBXTargetDependency section */

/* Begin PBXVariantGroup section */
		F8BD59C51D7AEAF40052380A /* Main.storyboard */ = {
			isa = PBXVariantGroup;
			children = (
				F8BD59C61D7AEAF40052380A /* Base */,
			);
			name = Main.storyboard;
			sourceTree = "<group>";
		};
		F8BD59CA1D7AEAF40052380A /* LaunchScreen.xib */ = {
			isa = PBXVariantGroup;
			children = (
				F8BD59CB1D7AEAF40052380A /* Base */,
			);
			name = LaunchScreen.xib;
			sourceTree = "<group>";
		};
/* End PBXVariantGroup section */

/* Begin XCBuildConfiguration section */
		F8BD59D91D7AEAF40052380A /* Debug */ = {
			isa = XCBuildConfiguration;
			buildSettings = {
				ALWAYS_SEARCH_USER_PATHS = NO;
				CLANG_CXX_LANGUAGE_STANDARD = "gnu++0x";
				CLANG_CXX_LIBRARY = "libc++";
				CLANG_ENABLE_MODULES = YES;
				CLANG_ENABLE_OBJC_ARC = YES;
				CLANG_WARN_BOOL_CONVERSION = YES;
				CLANG_WARN_CONSTANT_CONVERSION = YES;
				CLANG_WARN_DIRECT_OBJC_ISA_USAGE = YES_ERROR;
				CLANG_WARN_EMPTY_BODY = YES;
				CLANG_WARN_ENUM_CONVERSION = YES;
				CLANG_WARN_INT_CONVERSION = YES;
				CLANG_WARN_OBJC_ROOT_CLASS = YES_ERROR;
				CLANG_WARN_UNREACHABLE_CODE = YES;
				CLANG_WARN__DUPLICATE_METHOD_MATCH = YES;
				"CODE_SIGN_IDENTITY[sdk=iphoneos*]" = "iPhone Developer";
				COPY_PHASE_STRIP = NO;
				DEBUG_INFORMATION_FORMAT = "dwarf-with-dsym";
				ENABLE_STRICT_OBJC_MSGSEND = YES;
				GCC_C_LANGUAGE_STANDARD = gnu99;
				GCC_DYNAMIC_NO_PIC = NO;
				GCC_NO_COMMON_BLOCKS = YES;
				GCC_OPTIMIZATION_LEVEL = 0;
				GCC_PREPROCESSOR_DEFINITIONS = (
					"DEBUG=1",
					"$(inherited)",
				);
				GCC_SYMBOLS_PRIVATE_EXTERN = NO;
				GCC_WARN_64_TO_32_BIT_CONVERSION = YES;
				GCC_WARN_ABOUT_RETURN_TYPE = YES_ERROR;
				GCC_WARN_UNDECLARED_SELECTOR = YES;
				GCC_WARN_UNINITIALIZED_AUTOS = YES_AGGRESSIVE;
				GCC_WARN_UNUSED_FUNCTION = YES;
				GCC_WARN_UNUSED_VARIABLE = YES;
				IPHONEOS_DEPLOYMENT_TARGET = 8.4;
				MTL_ENABLE_DEBUG_INFO = YES;
				ONLY_ACTIVE_ARCH = YES;
				SDKROOT = iphoneos;
				SWIFT_OPTIMIZATION_LEVEL = "-Onone";
				TARGETED_DEVICE_FAMILY = "1,2";
			};
			name = Debug;
		};
		F8BD59DA1D7AEAF40052380A /* Release */ = {
			isa = XCBuildConfiguration;
			buildSettings = {
				ALWAYS_SEARCH_USER_PATHS = NO;
				CLANG_CXX_LANGUAGE_STANDARD = "gnu++0x";
				CLANG_CXX_LIBRARY = "libc++";
				CLANG_ENABLE_MODULES = YES;
				CLANG_ENABLE_OBJC_ARC = YES;
				CLANG_WARN_BOOL_CONVERSION = YES;
				CLANG_WARN_CONSTANT_CONVERSION = YES;
				CLANG_WARN_DIRECT_OBJC_ISA_USAGE = YES_ERROR;
				CLANG_WARN_EMPTY_BODY = YES;
				CLANG_WARN_ENUM_CONVERSION = YES;
				CLANG_WARN_INT_CONVERSION = YES;
				CLANG_WARN_OBJC_ROOT_CLASS = YES_ERROR;
				CLANG_WARN_UNREACHABLE_CODE = YES;
				CLANG_WARN__DUPLICATE_METHOD_MATCH = YES;
				"CODE_SIGN_IDENTITY[sdk=iphoneos*]" = "iPhone Developer";
				COPY_PHASE_STRIP = NO;
				DEBUG_INFORMATION_FORMAT = "dwarf-with-dsym";
				ENABLE_NS_ASSERTIONS = NO;
				ENABLE_STRICT_OBJC_MSGSEND = YES;
				GCC_C_LANGUAGE_STANDARD = gnu99;
				GCC_NO_COMMON_BLOCKS = YES;
				GCC_WARN_64_TO_32_BIT_CONVERSION = YES;
				GCC_WARN_ABOUT_RETURN_TYPE = YES_ERROR;
				GCC_WARN_UNDECLARED_SELECTOR = YES;
				GCC_WARN_UNINITIALIZED_AUTOS = YES_AGGRESSIVE;
				GCC_WARN_UNUSED_FUNCTION = YES;
				GCC_WARN_UNUSED_VARIABLE = YES;
				IPHONEOS_DEPLOYMENT_TARGET = 8.4;
				MTL_ENABLE_DEBUG_INFO = NO;
				SDKROOT = iphoneos;
				TARGETED_DEVICE_FAMILY = "1,2";
				VALIDATE_PRODUCT = YES;
			};
			name = Release;
		};
		F8BD59DC1D7AEAF40052380A /* Debug */ = {
			isa = XCBuildConfiguration;
			buildSettings = {
				ASSETCATALOG_COMPILER_APPICON_NAME = AppIcon;
				INFOPLIST_FILE = AutolayoutPlayers/Info.plist;
				LD_RUNPATH_SEARCH_PATHS = "$(inherited) @executable_path/Frameworks";
				PRODUCT_NAME = "$(TARGET_NAME)";
			};
			name = Debug;
		};
		F8BD59DD1D7AEAF40052380A /* Release */ = {
			isa = XCBuildConfiguration;
			buildSettings = {
				ASSETCATALOG_COMPILER_APPICON_NAME = AppIcon;
				INFOPLIST_FILE = AutolayoutPlayers/Info.plist;
				LD_RUNPATH_SEARCH_PATHS = "$(inherited) @executable_path/Frameworks";
				PRODUCT_NAME = "$(TARGET_NAME)";
			};
			name = Release;
		};
		F8BD59DF1D7AEAF40052380A /* Debug */ = {
			isa = XCBuildConfiguration;
			buildSettings = {
				BUNDLE_LOADER = "$(TEST_HOST)";
				FRAMEWORK_SEARCH_PATHS = (
					"$(SDKROOT)/Developer/Library/Frameworks",
					"$(inherited)",
				);
				GCC_PREPROCESSOR_DEFINITIONS = (
					"DEBUG=1",
					"$(inherited)",
				);
				INFOPLIST_FILE = AutolayoutPlayersTests/Info.plist;
				LD_RUNPATH_SEARCH_PATHS = "$(inherited) @executable_path/Frameworks @loader_path/Frameworks";
				PRODUCT_NAME = "$(TARGET_NAME)";
				TEST_HOST = "$(BUILT_PRODUCTS_DIR)/AutolayoutPlayers.app/AutolayoutPlayers";
			};
			name = Debug;
		};
		F8BD59E01D7AEAF40052380A /* Release */ = {
			isa = XCBuildConfiguration;
			buildSettings = {
				BUNDLE_LOADER = "$(TEST_HOST)";
				FRAMEWORK_SEARCH_PATHS = (
					"$(SDKROOT)/Developer/Library/Frameworks",
					"$(inherited)",
				);
				INFOPLIST_FILE = AutolayoutPlayersTests/Info.plist;
				LD_RUNPATH_SEARCH_PATHS = "$(inherited) @executable_path/Frameworks @loader_path/Frameworks";
				PRODUCT_NAME = "$(TARGET_NAME)";
				TEST_HOST = "$(BUILT_PRODUCTS_DIR)/AutolayoutPlayers.app/AutolayoutPlayers";
			};
			name = Release;
		};
/* End XCBuildConfiguration section */

/* Begin XCConfigurationList section */
		F8BD59B41D7AEAF40052380A /* Build configuration list for PBXProject "AutolayoutPlayers" */ = {
			isa = XCConfigurationList;
			buildConfigurations = (
				F8BD59D91D7AEAF40052380A /* Debug */,
				F8BD59DA1D7AEAF40052380A /* Release */,
			);
			defaultConfigurationIsVisible = 0;
			defaultConfigurationName = Release;
		};
		F8BD59DB1D7AEAF40052380A /* Build configuration list for PBXNativeTarget "AutolayoutPlayers" */ = {
			isa = XCConfigurationList;
			buildConfigurations = (
				F8BD59DC1D7AEAF40052380A /* Debug */,
				F8BD59DD1D7AEAF40052380A /* Release */,
			);
			defaultConfigurationIsVisible = 0;
		};
		F8BD59DE1D7AEAF40052380A /* Build configuration list for PBXNativeTarget "AutolayoutPlayersTests" */ = {
			isa = XCConfigurationList;
			buildConfigurations = (
				F8BD59DF1D7AEAF40052380A /* Debug */,
				F8BD59E01D7AEAF40052380A /* Release */,
			);
			defaultConfigurationIsVisible = 0;
		};
/* End XCConfigurationList section */

/* Begin XCVersionGroup section */
		F8BD59C01D7AEAF40052380A /* AutolayoutPlayers.xcdatamodeld */ = {
			isa = XCVersionGroup;
			children = (
				F8BD59C11D7AEAF40052380A /* AutolayoutPlayers.xcdatamodel */,
			);
			currentVersion = F8BD59C11D7AEAF40052380A /* AutolayoutPlayers.xcdatamodel */;
			path = AutolayoutPlayers.xcdatamodeld;
			sourceTree = "<group>";
			versionGroupType = wrapper.xcdatamodel;
		};
/* End XCVersionGroup section */
	};
	rootObject = F8BD59B11D7AEAF40052380A /* Project object */;
}
